
Microsoft Visual Studio Solution File, Format Version 12.00
# Visual Studio Version 17
VisualStudioVersion = 17.7.34031.279
MinimumVisualStudioVersion = 10.0.40219.1
Project("{9A19103F-16F7-4668-BE54-9A1E7A4F7556}") = "calculator", "calculator\calculator.csproj", "{1BDDD270-2BEA-480A-A354-FE0917E7F0EB}"
EndProject
Project("{54435603-DBB4-11D2-8724-00A0C9A8B90C}") = "Setup1", "Setup1\Setup1.vdproj", "{C73CA2F0-CDF7-4C7B-85B8-2A0D320B6F90}"
EndProject
Global
	GlobalSection(SolutionConfigurationPlatforms) = preSolution
		Debug|Any CPU = Debug|Any CPU
		Release|Any CPU = Release|Any CPU
	EndGlobalSection
	GlobalSection(ProjectConfigurationPlatforms) = postSolution
		{1BDDD270-2BEA-480A-A354-FE0917E7F0EB}.Debug|Any CPU.ActiveCfg = Debug|Any CPU
		{1BDDD270-2BEA-480A-A354-FE0917E7F0EB}.Debug|Any CPU.Build.0 = Debug|Any CPU
		{1BDDD270-2BEA-480A-A354-FE0917E7F0EB}.Release|Any CPU.ActiveCfg = Release|Any CPU
		{1BDDD270-2BEA-480A-A354-FE0917E7F0EB}.Release|Any CPU.Build.0 = Release|Any CPU
		{C73CA2F0-CDF7-4C7B-85B8-2A0D320B6F90}.Debug|Any CPU.ActiveCfg = Debug
		{C73CA2F0-CDF7-4C7B-85B8-2A0D320B6F90}.Release|Any CPU.ActiveCfg = Release
	EndGlobalSection
	GlobalSection(SolutionProperties) = preSolution
		HideSolutionNode = FALSE
	EndGlobalSection
	GlobalSection(ExtensibilityGlobals) = postSolution
		SolutionGuid = {E7BF6365-65D5-45AC-B77E-C48D5FA6F4EE}
	EndGlobalSection
EndGlobal
